version = 1
requires-python = ">=3.11"

[[package]]
name = "anyio"
version = "4.7.0"
source = { registry = "https://pypi.org/simple" }
dependencies = [
    { name = "idna" },
    { name = "sniffio" },
    { name = "typing-extensions", marker = "python_full_version < '3.13'" },
]
sdist = { url = "https://files.pythonhosted.org/packages/f6/40/318e58f669b1a9e00f5c4453910682e2d9dd594334539c7b7817dabb765f/anyio-4.7.0.tar.gz", hash = "sha256:2f834749c602966b7d456a7567cafcb309f96482b5081d14ac93ccd457f9dd48", size = 177076 }
wheels = [
    { url = "https://files.pythonhosted.org/packages/a0/7a/4daaf3b6c08ad7ceffea4634ec206faeff697526421c20f07628c7372156/anyio-4.7.0-py3-none-any.whl", hash = "sha256:ea60c3723ab42ba6fff7e8ccb0488c898ec538ff4df1f1d5e642c3601d07e352", size = 93052 },
]

[[package]]
name = "glide"
version = "0.0.1"
source = { virtual = "." }
dependencies = [
    { name = "watchfiles" },
]

[package.metadata]
requires-dist = [{ name = "watchfiles", specifier = ">=1.0.0" }]

[[package]]
name = "idna"
version = "3.10"
source = { registry = "https://pypi.org/simple" }
sdist = { url = "https://files.pythonhosted.org/packages/f1/70/7703c29685631f5a7590aa73f1f1d3fa9a380e654b86af429e0934a32f7d/idna-3.10.tar.gz", hash = "sha256:12f65c9b470abda6dc35cf8e63cc574b1c52b11df2c86030af0ac09b01b13ea9", size = 190490 }
wheels = [
    { url = "https://files.pythonhosted.org/packages/76/c6/c88e154df9c4e1a2a66ccf0005a88dfb2650c1dffb6f5ce603dfbd452ce3/idna-3.10-py3-none-any.whl", hash = "sha256:946d195a0d259cbba61165e88e65941f16e9b36ea6ddb97f00452bae8b1287d3", size = 70442 },
]

[[package]]
name = "sniffio"
version = "1.3.1"
source = { registry = "https://pypi.org/simple" }
sdist = { url = "https://files.pythonhosted.org/packages/a2/87/a6771e1546d97e7e041b6ae58d80074f81b7d5121207425c964ddf5cfdbd/sniffio-1.3.1.tar.gz", hash = "sha256:f4324edc670a0f49750a81b895f35c3adb843cca46f0530f79fc1babb23789dc", size = 20372 }
wheels = [
    { url = "https://files.pythonhosted.org/packages/e9/44/75a9c9421471a6c4805dbf2356f7c181a29c1879239abab1ea2cc8f38b40/sniffio-1.3.1-py3-none-any.whl", hash = "sha256:2f6da418d1f1e0fddd844478f41680e794e6051915791a034ff65e5f100525a2", size = 10235 },
]

[[package]]
name = "typing-extensions"
version = "4.12.2"
source = { registry = "https://pypi.org/simple" }
sdist = { url = "https://files.pythonhosted.org/packages/df/db/f35a00659bc03fec321ba8bce9420de607a1d37f8342eee1863174c69557/typing_extensions-4.12.2.tar.gz", hash = "sha256:1a7ead55c7e559dd4dee8856e3a88b41225abfe1ce8df57b7c13915fe121ffb8", size = 85321 }
wheels = [
    { url = "https://files.pythonhosted.org/packages/26/9f/ad63fc0248c5379346306f8668cda6e2e2e9c95e01216d2b8ffd9ff037d0/typing_extensions-4.12.2-py3-none-any.whl", hash = "sha256:04e5ca0351e0f3f85c6853954072df659d0d13fac324d0072316b67d7794700d", size = 37438 },
]

[[package]]
name = "watchfiles"
version = "1.0.0"
source = { registry = "https://pypi.org/simple" }
dependencies = [
    { name = "anyio" },
]
sdist = { url = "https://files.pythonhosted.org/packages/9e/5e/5a9dfb8594b075d7c225d5fb628d498001c5dfae62298e9eb85b8754668f/watchfiles-1.0.0.tar.gz", hash = "sha256:37566c844c9ce3b5deb964fe1a23378e575e74b114618d211fbda8f59d7b5dab", size = 38187 }
wheels = [
    { url = "https://files.pythonhosted.org/packages/a7/10/10759faea3f011b86867a534a47c9aedca667a4b3806ffeac7d8a4c8adee/watchfiles-1.0.0-cp311-cp311-macosx_10_12_x86_64.whl", hash = "sha256:fbd0ab7a9943bbddb87cbc2bf2f09317e74c77dc55b1f5657f81d04666c25269", size = 394139 },
    { url = "https://files.pythonhosted.org/packages/b9/71/b76be784f3e48bb1929e2c1376f227608be9bda4f7ba0c06832f0d190bed/watchfiles-1.0.0-cp311-cp311-macosx_11_0_arm64.whl", hash = "sha256:774ef36b16b7198669ce655d4f75b4c3d370e7f1cbdfb997fb10ee98717e2058", size = 382832 },
    { url = "https://files.pythonhosted.org/packages/d6/88/393b33c6da4963933e810eb0b8d6b44c7ba52ed2aaf6bb7709db377289f8/watchfiles-1.0.0-cp311-cp311-manylinux_2_17_aarch64.manylinux2014_aarch64.whl", hash = "sha256:9b4fb98100267e6a5ebaff6aaa5d20aea20240584647470be39fe4823012ac96", size = 441232 },
    { url = "https://files.pythonhosted.org/packages/35/2c/2d2c131866f7c49ec68c504565d2336f40a595bcd857cd464a68ea0fdb42/watchfiles-1.0.0-cp311-cp311-manylinux_2_17_armv7l.manylinux2014_armv7l.whl", hash = "sha256:0fc3bf0effa2d8075b70badfdd7fb839d7aa9cea650d17886982840d71fdeabf", size = 447569 },
    { url = "https://files.pythonhosted.org/packages/ab/08/373713cc4859958cdf0a38ad85740010dbbf5617441edc3480d37387024c/watchfiles-1.0.0-cp311-cp311-manylinux_2_17_i686.manylinux2014_i686.whl", hash = "sha256:648e2b6db53eca6ef31245805cd528a16f56fa4cc15aeec97795eaf713c11435", size = 472439 },
    { url = "https://files.pythonhosted.org/packages/2b/df/8e209910e260f58f005974a60423bb6fc243d26e8793103462870502c744/watchfiles-1.0.0-cp311-cp311-manylinux_2_17_ppc64le.manylinux2014_ppc64le.whl", hash = "sha256:fa13d604fcb9417ae5f2e3de676e66aa97427d888e83662ad205bed35a313176", size = 492707 },
    { url = "https://files.pythonhosted.org/packages/83/4d/d0673571c223a784849f45c4da6de2af960602ba5061a2f033f96606a118/watchfiles-1.0.0-cp311-cp311-manylinux_2_17_s390x.manylinux2014_s390x.whl", hash = "sha256:936f362e7ff28311b16f0b97ec51e8f2cc451763a3264640c6ed40fb252d1ee4", size = 489294 },
    { url = "https://files.pythonhosted.org/packages/32/ed/0c96c714408c8edab862e816b45be51dbe4e77dc7518c29b0dccc02961a8/watchfiles-1.0.0-cp311-cp311-manylinux_2_17_x86_64.manylinux2014_x86_64.whl", hash = "sha256:245fab124b9faf58430da547512d91734858df13f2ddd48ecfa5e493455ffccb", size = 442559 },
    { url = "https://files.pythonhosted.org/packages/3d/2b/665bf9aefd0f22a265f7b93e69aa4dc068d8ac5ad9ecbd974305eaeff2c0/watchfiles-1.0.0-cp311-cp311-musllinux_1_1_aarch64.whl", hash = "sha256:4ff9c7e84e8b644a8f985c42bcc81457240316f900fc72769aaedec9d088055a", size = 614531 },
    { url = "https://files.pythonhosted.org/packages/9f/41/fd125e824a195219adb204b54f3affce5615f5f1b3889acd441f28d2fbd2/watchfiles-1.0.0-cp311-cp311-musllinux_1_1_x86_64.whl", hash = "sha256:9c9a8d8fd97defe935ef8dd53d562e68942ad65067cd1c54d6ed8a088b1d931d", size = 612852 },
    { url = "https://files.pythonhosted.org/packages/dc/ac/750bf3625f4d3172ee7acfd952552070a88fd697935cfead79a68eb8d69d/watchfiles-1.0.0-cp311-none-win32.whl", hash = "sha256:a0abf173975eb9dd17bb14c191ee79999e650997cc644562f91df06060610e62", size = 272294 },
    { url = "https://files.pythonhosted.org/packages/bd/04/8c18986b79d106a88f54629f8f901cd725d76227c9a9191ada8ce8c962e8/watchfiles-1.0.0-cp311-none-win_amd64.whl", hash = "sha256:2a825ba4b32c214e3855b536eb1a1f7b006511d8e64b8215aac06eb680642d84", size = 285435 },
    { url = "https://files.pythonhosted.org/packages/b4/38/7e64929e8ca2b2a94cb9d8ddf6be9c06be8be870b6014d0f06e76b72f9cf/watchfiles-1.0.0-cp311-none-win_arm64.whl", hash = "sha256:a5a7a06cfc65e34fd0a765a7623c5ba14707a0870703888e51d3d67107589817", size = 276512 },
    { url = "https://files.pythonhosted.org/packages/37/0a/75491ba001f1495d2a12d7f6b90738f20badac78291ca5d56bf7990c859a/watchfiles-1.0.0-cp312-cp312-macosx_10_12_x86_64.whl", hash = "sha256:28fb64b5843d94e2c2483f7b024a1280662a44409bedee8f2f51439767e2d107", size = 394139 },
    { url = "https://files.pythonhosted.org/packages/5a/ee/935095538ff08ab68555de2bbc18acaf91f4cce8518bf32196f1ff9b8326/watchfiles-1.0.0-cp312-cp312-macosx_11_0_arm64.whl", hash = "sha256:e3750434c83b61abb3163b49c64b04180b85b4dabb29a294513faec57f2ffdb7", size = 382832 },
    { url = "https://files.pythonhosted.org/packages/74/40/86787dca3ea251aabb3abfbe4beeffe9c7ae6e69de56a25d572aecde580e/watchfiles-1.0.0-cp312-cp312-manylinux_2_17_aarch64.manylinux2014_aarch64.whl", hash = "sha256:bedf84835069f51c7b026b3ca04e2e747ea8ed0a77c72006172c72d28c9f69fc", size = 441232 },
    { url = "https://files.pythonhosted.org/packages/59/e2/08db1ba48a30462ec7e382c2b1de5400b09a2a7c95fe3f16d3e7da844f0c/watchfiles-1.0.0-cp312-cp312-manylinux_2_17_armv7l.manylinux2014_armv7l.whl", hash = "sha256:90004553be36427c3d06ec75b804233f8f816374165d5225b93abd94ba6e7234", size = 447569 },
    { url = "https://files.pythonhosted.org/packages/73/54/10adf42f203d876076cf0684726c102b3dba82b1c7eea2d82e5991875f62/watchfiles-1.0.0-cp312-cp312-manylinux_2_17_i686.manylinux2014_i686.whl", hash = "sha256:b46e15c34d4e401e976d6949ad3a74d244600d5c4b88c827a3fdf18691a46359", size = 472439 },
    { url = "https://files.pythonhosted.org/packages/29/77/d0d3b5ec6224800cd77f5d058473d0a844d753a3dad9f53f369bc98946bc/watchfiles-1.0.0-cp312-cp312-manylinux_2_17_ppc64le.manylinux2014_ppc64le.whl", hash = "sha256:487d15927f1b0bd24e7df921913399bb1ab94424c386bea8b267754d698f8f0e", size = 492707 },
    { url = "https://files.pythonhosted.org/packages/c8/74/616bd8edfa7b0aaee96e4b3ad7edd0ccf0f4213a06050e965d68e0cdbaef/watchfiles-1.0.0-cp312-cp312-manylinux_2_17_s390x.manylinux2014_s390x.whl", hash = "sha256:1ff236d7a3f4b0a42f699a22fc374ba526bc55048a70cbb299661158e1bb5e1f", size = 489293 },
    { url = "https://files.pythonhosted.org/packages/9c/1e/5335eaf5fb9a9516722c7f63f477ca1e361d8159fe46e03d96539cb80f5b/watchfiles-1.0.0-cp312-cp312-manylinux_2_17_x86_64.manylinux2014_x86_64.whl", hash = "sha256:9c01446626574561756067f00b37e6b09c8622b0fc1e9fdbc7cbcea328d4e514", size = 442559 },
    { url = "https://files.pythonhosted.org/packages/c7/1c/df716e9acf7931b52f48bd9b2eec9a26ff55c73b43bfdbc03ea985543d01/watchfiles-1.0.0-cp312-cp312-musllinux_1_1_aarch64.whl", hash = "sha256:b551c465a59596f3d08170bd7e1c532c7260dd90ed8135778038e13c5d48aa81", size = 614531 },
    { url = "https://files.pythonhosted.org/packages/8d/38/c97d572e147234dd5f107179854efbf9ac6470db11db96f690cdb80e9b1b/watchfiles-1.0.0-cp312-cp312-musllinux_1_1_x86_64.whl", hash = "sha256:e1ed613ee107269f66c2df631ec0fc8efddacface85314d392a4131abe299f00", size = 612853 },
    { url = "https://files.pythonhosted.org/packages/2d/1d/161eb1caa7e63b60428b2439efb0a87f0db4d5f4b91dd8712b6eca689954/watchfiles-1.0.0-cp312-none-win32.whl", hash = "sha256:5f75cd42e7e2254117cf37ff0e68c5b3f36c14543756b2da621408349bd9ca7c", size = 272337 },
    { url = "https://files.pythonhosted.org/packages/fc/1d/62acefeb546d24971e8f77cf5c475307054da4c21e9c49ec1917b293368b/watchfiles-1.0.0-cp312-none-win_amd64.whl", hash = "sha256:cf517701a4a872417f4e02a136e929537743461f9ec6cdb8184d9a04f4843545", size = 285572 },
    { url = "https://files.pythonhosted.org/packages/41/08/e20f3dbd2db59067596acc9b81345ac68a9c762352d38e789b2516719876/watchfiles-1.0.0-cp312-none-win_arm64.whl", hash = "sha256:8a2127cd68950787ee36753e6d401c8ea368f73beaeb8e54df5516a06d1ecd82", size = 276513 },
    { url = "https://files.pythonhosted.org/packages/c6/14/e14eb2ad369b306be70423fbf6da47bc39333d2beeafb14f23d2f37fdd79/watchfiles-1.0.0-cp313-cp313-macosx_10_12_x86_64.whl", hash = "sha256:95de85c254f7fe8cbdf104731f7f87f7f73ae229493bebca3722583160e6b152", size = 394141 },
    { url = "https://files.pythonhosted.org/packages/81/c3/738aeb2a01cbdf5fa823f702694ac72879a97fa5873d15d4607a877c7082/watchfiles-1.0.0-cp313-cp313-macosx_11_0_arm64.whl", hash = "sha256:533a7cbfe700e09780bb31c06189e39c65f06c7f447326fee707fd02f9a6e945", size = 382833 },
    { url = "https://files.pythonhosted.org/packages/ed/aa/1cc14d11be667eb7189a2daa0adf307b93d6624fee5b80b8e84c23fb2486/watchfiles-1.0.0-cp313-cp313-manylinux_2_17_aarch64.manylinux2014_aarch64.whl", hash = "sha256:a2218e78e2c6c07b1634a550095ac2a429026b2d5cbcd49a594f893f2bb8c936", size = 441231 },
    { url = "https://files.pythonhosted.org/packages/c5/38/96f4c3485094a164ced67ae444f3e890bdaad17d1b62c894aa8439443d81/watchfiles-1.0.0-cp313-cp313-manylinux_2_17_armv7l.manylinux2014_armv7l.whl", hash = "sha256:9122b8fdadc5b341315d255ab51d04893f417df4e6c1743b0aac8bf34e96e025", size = 447570 },
    { url = "https://files.pythonhosted.org/packages/9e/ce/0e35e0191517fa1d876ce0b4e23c818cf3a50d825305dcb7471da8774da7/watchfiles-1.0.0-cp313-cp313-manylinux_2_17_i686.manylinux2014_i686.whl", hash = "sha256:9272fdbc0e9870dac3b505bce1466d386b4d8d6d2bacf405e603108d50446940", size = 472440 },
    { url = "https://files.pythonhosted.org/packages/2c/b5/eb9c799c6e14f25f26573ac08734225035a8821f7dd9161c69df882fc119/watchfiles-1.0.0-cp313-cp313-manylinux_2_17_ppc64le.manylinux2014_ppc64le.whl", hash = "sha256:4a3b33c3aefe9067ebd87846806cd5fc0b017ab70d628aaff077ab9abf4d06b3", size = 492706 },
    { url = "https://files.pythonhosted.org/packages/84/fa/985d4cbfe99a56d7277c0e522fd138fe5fc4d8ea6351ee3302e93ed67e63/watchfiles-1.0.0-cp313-cp313-manylinux_2_17_s390x.manylinux2014_s390x.whl", hash = "sha256:bc338ce9f8846543d428260fa0f9a716626963148edc937d71055d01d81e1525", size = 489295 },
    { url = "https://files.pythonhosted.org/packages/94/1a/8bc18a170eb621a30fb01f4902d60ce362c88b1f65f3b15d45f53b467200/watchfiles-1.0.0-cp313-cp313-manylinux_2_17_x86_64.manylinux2014_x86_64.whl", hash = "sha256:2ac778a460ea22d63c7e6fb0bc0f5b16780ff0b128f7f06e57aaec63bd339285", size = 442560 },
    { url = "https://files.pythonhosted.org/packages/e9/e0/07ce46f1770ca1d229635efb5393ff593c41762f389532ae9c7b2ced79b0/watchfiles-1.0.0-cp313-cp313-musllinux_1_1_aarch64.whl", hash = "sha256:53ae447f06f8f29f5ab40140f19abdab822387a7c426a369eb42184b021e97eb", size = 614532 },
    { url = "https://files.pythonhosted.org/packages/7b/56/cdd2847d24249e879a001e6aed9ddeeaa24a80aabfdcb9c19389d0837dfe/watchfiles-1.0.0-cp313-cp313-musllinux_1_1_x86_64.whl", hash = "sha256:1f73c2147a453315d672c1ad907abe6d40324e34a185b51e15624bc793f93cc6", size = 612852 },
    { url = "https://files.pythonhosted.org/packages/72/c9/89a3df27c97eeef5890591a95f7afd266a32dfe55bce1f3bea3390fa56f5/watchfiles-1.0.0-cp313-none-win32.whl", hash = "sha256:eba98901a2eab909dbd79681190b9049acc650f6111fde1845484a4450761e98", size = 271721 },
    { url = "https://files.pythonhosted.org/packages/ef/e9/6e1bd83a08d254b0394500a2bb691b7940f09fcd849f400d01491932f641/watchfiles-1.0.0-cp313-none-win_amd64.whl", hash = "sha256:d562a6114ddafb09c33246c6ace7effa71ca4b6a2324a47f4b09b6445ea78941", size = 284809 },
]
